
Microsoft Visual Studio Solution File, Format Version 12.00
# Visual Studio Version 17
VisualStudioVersion = 17.7.34202.233
MinimumVisualStudioVersion = 10.0.40219.1
Project("{FAE04EC0-301F-11D3-BF4B-00C04F79EFBC}") = "BUS", "BUS\BUS.csproj", "{4E02637B-7458-4396-B2D3-72657B722B50}"
EndProject
Project("{FAE04EC0-301F-11D3-BF4B-00C04F79EFBC}") = "DAO", "DAO\DAO.csproj", "{6C5F9B23-8882-4A8D-8E83-337858AAEEB8}"
EndProject
Project("{FAE04EC0-301F-11D3-BF4B-00C04F79EFBC}") = "DataModel", "DataModel\DataModel.csproj", "{1F7B064A-E3CE-46A9-8037-D7EBE0D850DB}"
EndProject
Project("{FAE04EC0-301F-11D3-BF4B-00C04F79EFBC}") = "DoAn2.QLKhoaHoc.Api.User", "DoAn2.QLKhoaHoc.Api.User\DoAn2.QLKhoaHoc.Api.User.csproj", "{2FDCC0DB-8973-4491-B237-1B3C1EFD621F}"
EndProject
Global
	GlobalSection(SolutionConfigurationPlatforms) = preSolution
		Debug|Any CPU = Debug|Any CPU
		Release|Any CPU = Release|Any CPU
	EndGlobalSection
	GlobalSection(ProjectConfigurationPlatforms) = postSolution
		{4E02637B-7458-4396-B2D3-72657B722B50}.Debug|Any CPU.ActiveCfg = Debug|Any CPU
		{4E02637B-7458-4396-B2D3-72657B722B50}.Debug|Any CPU.Build.0 = Debug|Any CPU
		{4E02637B-7458-4396-B2D3-72657B722B50}.Release|Any CPU.ActiveCfg = Release|Any CPU
		{4E02637B-7458-4396-B2D3-72657B722B50}.Release|Any CPU.Build.0 = Release|Any CPU
		{6C5F9B23-8882-4A8D-8E83-337858AAEEB8}.Debug|Any CPU.ActiveCfg = Debug|Any CPU
		{6C5F9B23-8882-4A8D-8E83-337858AAEEB8}.Debug|Any CPU.Build.0 = Debug|Any CPU
		{6C5F9B23-8882-4A8D-8E83-337858AAEEB8}.Release|Any CPU.ActiveCfg = Release|Any CPU
		{6C5F9B23-8882-4A8D-8E83-337858AAEEB8}.Release|Any CPU.Build.0 = Release|Any CPU
		{1F7B064A-E3CE-46A9-8037-D7EBE0D850DB}.Debug|Any CPU.ActiveCfg = Debug|Any CPU
		{1F7B064A-E3CE-46A9-8037-D7EBE0D850DB}.Debug|Any CPU.Build.0 = Debug|Any CPU
		{1F7B064A-E3CE-46A9-8037-D7EBE0D850DB}.Release|Any CPU.ActiveCfg = Release|Any CPU
		{1F7B064A-E3CE-46A9-8037-D7EBE0D850DB}.Release|Any CPU.Build.0 = Release|Any CPU
		{2FDCC0DB-8973-4491-B237-1B3C1EFD621F}.Debug|Any CPU.ActiveCfg = Debug|Any CPU
		{2FDCC0DB-8973-4491-B237-1B3C1EFD621F}.Debug|Any CPU.Build.0 = Debug|Any CPU
		{2FDCC0DB-8973-4491-B237-1B3C1EFD621F}.Release|Any CPU.ActiveCfg = Release|Any CPU
		{2FDCC0DB-8973-4491-B237-1B3C1EFD621F}.Release|Any CPU.Build.0 = Release|Any CPU
	EndGlobalSection
	GlobalSection(SolutionProperties) = preSolution
		HideSolutionNode = FALSE
	EndGlobalSection
	GlobalSection(ExtensibilityGlobals) = postSolution
		SolutionGuid = {C63AB75D-057F-4AEF-A41D-50DC5C6FEEB4}
	EndGlobalSection
EndGlobal
